// !$*UTF8*$!
{
	archiveVersion = 1;
	classes = {
	};
	objectVersion = 55;
	objects = {

/* Begin PBXBuildFile section */
		18C9047C2A37111E00AA0CB0 /* AppDelegate.swift in Sources */ = {isa = PBXBuildFile; fileRef = 18C9047B2A37111E00AA0CB0 /* AppDelegate.swift */; };
		18C9047E2A37111E00AA0CB0 /* SceneDelegate.swift in Sources */ = {isa = PBXBuildFile; fileRef = 18C9047D2A37111E00AA0CB0 /* SceneDelegate.swift */; };
		18C904802A37111E00AA0CB0 /* ViewController.swift in Sources */ = {isa = PBXBuildFile; fileRef = 18C9047F2A37111E00AA0CB0 /* ViewController.swift */; };
		18C904832A37111E00AA0CB0 /* Main.storyboard in Resources */ = {isa = PBXBuildFile; fileRef = 18C904812A37111E00AA0CB0 /* Main.storyboard */; };
		18C904852A37112200AA0CB0 /* Assets.xcassets in Resources */ = {isa = PBXBuildFile; fileRef = 18C904842A37112200AA0CB0 /* Assets.xcassets */; };
		18C904882A37112200AA0CB0 /* LaunchScreen.storyboard in Resources */ = {isa = PBXBuildFile; fileRef = 18C904862A37112200AA0CB0 /* LaunchScreen.storyboard */; };
		18C904932A37112300AA0CB0 /* WebandCraft_MachineTestTests.swift in Sources */ = {isa = PBXBuildFile; fileRef = 18C904922A37112300AA0CB0 /* WebandCraft_MachineTestTests.swift */; };
		18C9049D2A37112300AA0CB0 /* WebandCraft_MachineTestUITests.swift in Sources */ = {isa = PBXBuildFile; fileRef = 18C9049C2A37112300AA0CB0 /* WebandCraft_MachineTestUITests.swift */; };
		18C9049F2A37112300AA0CB0 /* WebandCraft_MachineTestUITestsLaunchTests.swift in Sources */ = {isa = PBXBuildFile; fileRef = 18C9049E2A37112300AA0CB0 /* WebandCraft_MachineTestUITestsLaunchTests.swift */; };
/* End PBXBuildFile section */

/* Begin PBXContainerItemProxy section */
		18C9048F2A37112300AA0CB0 /* PBXContainerItemProxy */ = {
			isa = PBXContainerItemProxy;
			containerPortal = 18C904702A37111E00AA0CB0 /* Project object */;
			proxyType = 1;
			remoteGlobalIDString = 18C904772A37111E00AA0CB0;
			remoteInfo = "WebandCraft MachineTest";
		};
		18C904992A37112300AA0CB0 /* PBXContainerItemProxy */ = {
			isa = PBXContainerItemProxy;
			containerPortal = 18C904702A37111E00AA0CB0 /* Project object */;
			proxyType = 1;
			remoteGlobalIDString = 18C904772A37111E00AA0CB0;
			remoteInfo = "WebandCraft MachineTest";
		};
/* End PBXContainerItemProxy section */

/* Begin PBXFileReference section */
		18C904782A37111E00AA0CB0 /* WebandCraft MachineTest.app */ = {isa = PBXFileReference; explicitFileType = wrapper.application; includeInIndex = 0; path = "WebandCraft MachineTest.app"; sourceTree = BUILT_PRODUCTS_DIR; };
		18C9047B2A37111E00AA0CB0 /* AppDelegate.swift */ = {isa = PBXFileReference; lastKnownFileType = sourcecode.swift; path = AppDelegate.swift; sourceTree = "<group>"; };
		18C9047D2A37111E00AA0CB0 /* SceneDelegate.swift */ = {isa = PBXFileReference; lastKnownFileType = sourcecode.swift; path = SceneDelegate.swift; sourceTree = "<group>"; };
		18C9047F2A37111E00AA0CB0 /* ViewController.swift */ = {isa = PBXFileReference; lastKnownFileType = sourcecode.swift; path = ViewController.swift; sourceTree = "<group>"; };
		18C904822A37111E00AA0CB0 /* Base */ = {isa = PBXFileReference; lastKnownFileType = file.storyboard; name = Base; path = Base.lproj/Main.storyboard; sourceTree = "<group>"; };
		18C904842A37112200AA0CB0 /* Assets.xcassets */ = {isa = PBXFileReference; lastKnownFileType = folder.assetcatalog; path = Assets.xcassets; sourceTree = "<group>"; };
		18C904872A37112200AA0CB0 /* Base */ = {isa = PBXFileReference; lastKnownFileType = file.storyboard; name = Base; path = Base.lproj/LaunchScreen.storyboard; sourceTree = "<group>"; };
		18C904892A37112200AA0CB0 /* Info.plist */ = {isa = PBXFileReference; lastKnownFileType = text.plist.xml; path = Info.plist; sourceTree = "<group>"; };
		18C9048E2A37112300AA0CB0 /* WebandCraft MachineTestTests.xctest */ = {isa = PBXFileReference; explicitFileType = wrapper.cfbundle; includeInIndex = 0; path = "WebandCraft MachineTestTests.xctest"; sourceTree = BUILT_PRODUCTS_DIR; };
		18C904922A37112300AA0CB0 /* WebandCraft_MachineTestTests.swift */ = {isa = PBXFileReference; lastKnownFileType = sourcecode.swift; path = WebandCraft_MachineTestTests.swift; sourceTree = "<group>"; };
		18C904982A37112300AA0CB0 /* WebandCraft MachineTestUITests.xctest */ = {isa = PBXFileReference; explicitFileType = wrapper.cfbundle; includeInIndex = 0; path = "WebandCraft MachineTestUITests.xctest"; sourceTree = BUILT_PRODUCTS_DIR; };
		18C9049C2A37112300AA0CB0 /* WebandCraft_MachineTestUITests.swift */ = {isa = PBXFileReference; lastKnownFileType = sourcecode.swift; path = WebandCraft_MachineTestUITests.swift; sourceTree = "<group>"; };
		18C9049E2A37112300AA0CB0 /* WebandCraft_MachineTestUITestsLaunchTests.swift */ = {isa = PBXFileReference; lastKnownFileType = sourcecode.swift; path = WebandCraft_MachineTestUITestsLaunchTests.swift; sourceTree = "<group>"; };
/* End PBXFileReference section */

/* Begin PBXFrameworksBuildPhase section */
		18C904752A37111E00AA0CB0 /* Frameworks */ = {
			isa = PBXFrameworksBuildPhase;
			buildActionMask = 2147483647;
			files = (
			);
			runOnlyForDeploymentPostprocessing = 0;
		};
		18C9048B2A37112300AA0CB0 /* Frameworks */ = {
			isa = PBXFrameworksBuildPhase;
			buildActionMask = 2147483647;
			files = (
			);
			runOnlyForDeploymentPostprocessing = 0;
		};
		18C904952A37112300AA0CB0 /* Frameworks */ = {
			isa = PBXFrameworksBuildPhase;
			buildActionMask = 2147483647;
			files = (
			);
			runOnlyForDeploymentPostprocessing = 0;
		};
/* End PBXFrameworksBuildPhase section */

/* Begin PBXGroup section */
		18C9046F2A37111E00AA0CB0 = {
			isa = PBXGroup;
			children = (
				18C9047A2A37111E00AA0CB0 /* WebandCraft MachineTest */,
				18C904912A37112300AA0CB0 /* WebandCraft MachineTestTests */,
				18C9049B2A37112300AA0CB0 /* WebandCraft MachineTestUITests */,
				18C904792A37111E00AA0CB0 /* Products */,
			);
			sourceTree = "<group>";
		};
		18C904792A37111E00AA0CB0 /* Products */ = {
			isa = PBXGroup;
			children = (
				18C904782A37111E00AA0CB0 /* WebandCraft MachineTest.app */,
				18C9048E2A37112300AA0CB0 /* WebandCraft MachineTestTests.xctest */,
				18C904982A37112300AA0CB0 /* WebandCraft MachineTestUITests.xctest */,
			);
			name = Products;
			sourceTree = "<group>";
		};
		18C9047A2A37111E00AA0CB0 /* WebandCraft MachineTest */ = {
			isa = PBXGroup;
			children = (
				18C9047B2A37111E00AA0CB0 /* AppDelegate.swift */,
				18C9047D2A37111E00AA0CB0 /* SceneDelegate.swift */,
				18C9047F2A37111E00AA0CB0 /* ViewController.swift */,
				18C904812A37111E00AA0CB0 /* Main.storyboard */,
				18C904842A37112200AA0CB0 /* Assets.xcassets */,
				18C904862A37112200AA0CB0 /* LaunchScreen.storyboard */,
				18C904892A37112200AA0CB0 /* Info.plist */,
			);
			path = "WebandCraft MachineTest";
			sourceTree = "<group>";
		};
		18C904912A37112300AA0CB0 /* WebandCraft MachineTestTests */ = {
			isa = PBXGroup;
			children = (
				18C904922A37112300AA0CB0 /* WebandCraft_MachineTestTests.swift */,
			);
			path = "WebandCraft MachineTestTests";
			sourceTree = "<group>";
		};
		18C9049B2A37112300AA0CB0 /* WebandCraft MachineTestUITests */ = {
			isa = PBXGroup;
			children = (
				18C9049C2A37112300AA0CB0 /* WebandCraft_MachineTestUITests.swift */,
				18C9049E2A37112300AA0CB0 /* WebandCraft_MachineTestUITestsLaunchTests.swift */,
			);
			path = "WebandCraft MachineTestUITests";
			sourceTree = "<group>";
		};
/* End PBXGroup section */

/* Begin PBXNativeTarget section */
		18C904772A37111E00AA0CB0 /* WebandCraft MachineTest */ = {
			isa = PBXNativeTarget;
			buildConfigurationList = 18C904A22A37112300AA0CB0 /* Build configuration list for PBXNativeTarget "WebandCraft MachineTest" */;
			buildPhases = (
				18C904742A37111E00AA0CB0 /* Sources */,
				18C904752A37111E00AA0CB0 /* Frameworks */,
				18C904762A37111E00AA0CB0 /* Resources */,
			);
			buildRules = (
			);
			dependencies = (
			);
			name = "WebandCraft MachineTest";
			productName = "WebandCraft MachineTest";
			productReference = 18C904782A37111E00AA0CB0 /* WebandCraft MachineTest.app */;
			productType = "com.apple.product-type.application";
		};
		18C9048D2A37112300AA0CB0 /* WebandCraft MachineTestTests */ = {
			isa = PBXNativeTarget;
			buildConfigurationList = 18C904A52A37112300AA0CB0 /* Build configuration list for PBXNativeTarget "WebandCraft MachineTestTests" */;
			buildPhases = (
				18C9048A2A37112300AA0CB0 /* Sources */,
				18C9048B2A37112300AA0CB0 /* Frameworks */,
				18C9048C2A37112300AA0CB0 /* Resources */,
			);
			buildRules = (
			);
			dependencies = (
				18C904902A37112300AA0CB0 /* PBXTargetDependency */,
			);
			name = "WebandCraft MachineTestTests";
			productName = "WebandCraft MachineTestTests";
			productReference = 18C9048E2A37112300AA0CB0 /* WebandCraft MachineTestTests.xctest */;
			productType = "com.apple.product-type.bundle.unit-test";
		};
		18C904972A37112300AA0CB0 /* WebandCraft MachineTestUITests */ = {
			isa = PBXNativeTarget;
			buildConfigurationList = 18C904A82A37112300AA0CB0 /* Build configuration list for PBXNativeTarget "WebandCraft MachineTestUITests" */;
			buildPhases = (
				18C904942A37112300AA0CB0 /* Sources */,
				18C904952A37112300AA0CB0 /* Frameworks */,
				18C904962A37112300AA0CB0 /* Resources */,
			);
			buildRules = (
			);
			dependencies = (
				18C9049A2A37112300AA0CB0 /* PBXTargetDependency */,
			);
			name = "WebandCraft MachineTestUITests";
			productName = "WebandCraft MachineTestUITests";
			productReference = 18C904982A37112300AA0CB0 /* WebandCraft MachineTestUITests.xctest */;
			productType = "com.apple.product-type.bundle.ui-testing";
		};
/* End PBXNativeTarget section */

/* Begin PBXProject section */
		18C904702A37111E00AA0CB0 /* Project object */ = {
			isa = PBXProject;
			attributes = {
				BuildIndependentTargetsInParallel = 1;
				LastSwiftUpdateCheck = 1340;
				LastUpgradeCheck = 1340;
				TargetAttributes = {
					18C904772A37111E00AA0CB0 = {
						CreatedOnToolsVersion = 13.4.1;
					};
					18C9048D2A37112300AA0CB0 = {
						CreatedOnToolsVersion = 13.4.1;
						TestTargetID = 18C904772A37111E00AA0CB0;
					};
					18C904972A37112300AA0CB0 = {
						CreatedOnToolsVersion = 13.4.1;
						TestTargetID = 18C904772A37111E00AA0CB0;
					};
				};
			};
			buildConfigurationList = 18C904732A37111E00AA0CB0 /* Build configuration list for PBXProject "WebandCraft MachineTest" */;
			compatibilityVersion = "Xcode 13.0";
			developmentRegion = en;
			hasScannedForEncodings = 0;
			knownRegions = (
				en,
				Base,
			);
			mainGroup = 18C9046F2A37111E00AA0CB0;
			productRefGroup = 18C904792A37111E00AA0CB0 /* Products */;
			projectDirPath = "";
			projectRoot = "";
			targets = (
				18C904772A37111E00AA0CB0 /* WebandCraft MachineTest */,
				18C9048D2A37112300AA0CB0 /* WebandCraft MachineTestTests */,
				18C904972A37112300AA0CB0 /* WebandCraft MachineTestUITests */,
			);
		};
/* End PBXProject section */

/* Begin PBXResourcesBuildPhase section */
		18C904762A37111E00AA0CB0 /* Resources */ = {
			isa = PBXResourcesBuildPhase;
			buildActionMask = 2147483647;
			files = (
				18C904882A37112200AA0CB0 /* LaunchScreen.storyboard in Resources */,
				18C904852A37112200AA0CB0 /* Assets.xcassets in Resources */,
				18C904832A37111E00AA0CB0 /* Main.storyboard in Resources */,
			);
			runOnlyForDeploymentPostprocessing = 0;
		};
		18C9048C2A37112300AA0CB0 /* Resources */ = {
			isa = PBXResourcesBuildPhase;
			buildActionMask = 2147483647;
			files = (
			);
			runOnlyForDeploymentPostprocessing = 0;
		};
		18C904962A37112300AA0CB0 /* Resources */ = {
			isa = PBXResourcesBuildPhase;
			buildActionMask = 2147483647;
			files = (
			);
			runOnlyForDeploymentPostprocessing = 0;
		};
/* End PBXResourcesBuildPhase section */

/* Begin PBXSourcesBuildPhase section */
		18C904742A37111E00AA0CB0 /* Sources */ = {
			isa = PBXSourcesBuildPhase;
			buildActionMask = 2147483647;
			files = (
				18C904802A37111E00AA0CB0 /* ViewController.swift in Sources */,
				18C9047C2A37111E00AA0CB0 /* AppDelegate.swift in Sources */,
				18C9047E2A37111E00AA0CB0 /* SceneDelegate.swift in Sources */,
			);
			runOnlyForDeploymentPostprocessing = 0;
		};
		18C9048A2A37112300AA0CB0 /* Sources */ = {
			isa = PBXSourcesBuildPhase;
			buildActionMask = 2147483647;
			files = (
				18C904932A37112300AA0CB0 /* WebandCraft_MachineTestTests.swift in Sources */,
			);
			runOnlyForDeploymentPostprocessing = 0;
		};
		18C904942A37112300AA0CB0 /* Sources */ = {
			isa = PBXSourcesBuildPhase;
			buildActionMask = 2147483647;
			files = (
				18C9049F2A37112300AA0CB0 /* WebandCraft_MachineTestUITestsLaunchTests.swift in Sources */,
				18C9049D2A37112300AA0CB0 /* WebandCraft_MachineTestUITests.swift in Sources */,
			);
			runOnlyForDeploymentPostprocessing = 0;
		};
/* End PBXSourcesBuildPhase section */

/* Begin PBXTargetDependency section */
		18C904902A37112300AA0CB0 /* PBXTargetDependency */ = {
			isa = PBXTargetDependency;
			target = 18C904772A37111E00AA0CB0 /* WebandCraft MachineTest */;
			targetProxy = 18C9048F2A37112300AA0CB0 /* PBXContainerItemProxy */;
		};
		18C9049A2A37112300AA0CB0 /* PBXTargetDependency */ = {
			isa = PBXTargetDependency;
			target = 18C904772A37111E00AA0CB0 /* WebandCraft MachineTest */;
			targetProxy = 18C904992A37112300AA0CB0 /* PBXContainerItemProxy */;
		};
/* End PBXTargetDependency section */

/* Begin PBXVariantGroup section */
		18C904812A37111E00AA0CB0 /* Main.storyboard */ = {
			isa = PBXVariantGroup;
			children = (
				18C904822A37111E00AA0CB0 /* Base */,
			);
			name = Main.storyboard;
			sourceTree = "<group>";
		};
		18C904862A37112200AA0CB0 /* LaunchScreen.storyboard */ = {
			isa = PBXVariantGroup;
			children = (
				18C904872A37112200AA0CB0 /* Base */,
			);
			name = LaunchScreen.storyboard;
			sourceTree = "<group>";
		};
/* End PBXVariantGroup section */

/* Begin XCBuildConfiguration section */
		18C904A02A37112300AA0CB0 /* Debug */ = {
			isa = XCBuildConfiguration;
			buildSettings = {
				ALWAYS_SEARCH_USER_PATHS = NO;
				CLANG_ANALYZER_NONNULL = YES;
				CLANG_ANALYZER_NUMBER_OBJECT_CONVERSION = YES_AGGRESSIVE;
				CLANG_CXX_LANGUAGE_STANDARD = "gnu++17";
				CLANG_ENABLE_MODULES = YES;
				CLANG_ENABLE_OBJC_ARC = YES;
				CLANG_ENABLE_OBJC_WEAK = YES;
				CLANG_WARN_BLOCK_CAPTURE_AUTORELEASING = YES;
				CLANG_WARN_BOOL_CONVERSION = YES;
				CLANG_WARN_COMMA = YES;
				CLANG_WARN_CONSTANT_CONVERSION = YES;
				CLANG_WARN_DEPRECATED_OBJC_IMPLEMENTATIONS = YES;
				CLANG_WARN_DIRECT_OBJC_ISA_USAGE = YES_ERROR;
				CLANG_WARN_DOCUMENTATION_COMMENTS = YES;
				CLANG_WARN_EMPTY_BODY = YES;
				CLANG_WARN_ENUM_CONVERSION = YES;
				CLANG_WARN_INFINITE_RECURSION = YES;
				CLANG_WARN_INT_CONVERSION = YES;
				CLANG_WARN_NON_LITERAL_NULL_CONVERSION = YES;
				CLANG_WARN_OBJC_IMPLICIT_RETAIN_SELF = YES;
				CLANG_WARN_OBJC_LITERAL_CONVERSION = YES;
				CLANG_WARN_OBJC_ROOT_CLASS = YES_ERROR;
				CLANG_WARN_QUOTED_INCLUDE_IN_FRAMEWORK_HEADER = YES;
				CLANG_WARN_RANGE_LOOP_ANALYSIS = YES;
				CLANG_WARN_STRICT_PROTOTYPES = YES;
				CLANG_WARN_SUSPICIOUS_MOVE = YES;
				CLANG_WARN_UNGUARDED_AVAILABILITY = YES_AGGRESSIVE;
				CLANG_WARN_UNREACHABLE_CODE = YES;
				CLANG_WARN__DUPLICATE_METHOD_MATCH = YES;
				COPY_PHASE_STRIP = NO;
				DEBUG_INFORMATION_FORMAT = dwarf;
				ENABLE_STRICT_OBJC_MSGSEND = YES;
				ENABLE_TESTABILITY = YES;
				GCC_C_LANGUAGE_STANDARD = gnu11;
				GCC_DYNAMIC_NO_PIC = NO;
				GCC_NO_COMMON_BLOCKS = YES;
				GCC_OPTIMIZATION_LEVEL = 0;
				GCC_PREPROCESSOR_DEFINITIONS = (
					"DEBUG=1",
					"$(inherited)",
				);
				GCC_WARN_64_TO_32_BIT_CONVERSION = YES;
				GCC_WARN_ABOUT_RETURN_TYPE = YES_ERROR;
				GCC_WARN_UNDECLARED_SELECTOR = YES;
				GCC_WARN_UNINITIALIZED_AUTOS = YES_AGGRESSIVE;
				GCC_WARN_UNUSED_FUNCTION = YES;
				GCC_WARN_UNUSED_VARIABLE = YES;
				IPHONEOS_DEPLOYMENT_TARGET = 15.5;
				MTL_ENABLE_DEBUG_INFO = INCLUDE_SOURCE;
				MTL_FAST_MATH = YES;
				ONLY_ACTIVE_ARCH = YES;
				SDKROOT = iphoneos;
				SWIFT_ACTIVE_COMPILATION_CONDITIONS = DEBUG;
				SWIFT_OPTIMIZATION_LEVEL = "-Onone";
			};
			name = Debug;
		};
		18C904A12A37112300AA0CB0 /* Release */ = {
			isa = XCBuildConfiguration;
			buildSettings = {
				ALWAYS_SEARCH_USER_PATHS = NO;
				CLANG_ANALYZER_NONNULL = YES;
				CLANG_ANALYZER_NUMBER_OBJECT_CONVERSION = YES_AGGRESSIVE;
				CLANG_CXX_LANGUAGE_STANDARD = "gnu++17";
				CLANG_ENABLE_MODULES = YES;
				CLANG_ENABLE_OBJC_ARC = YES;
				CLANG_ENABLE_OBJC_WEAK = YES;
				CLANG_WARN_BLOCK_CAPTURE_AUTORELEASING = YES;
				CLANG_WARN_BOOL_CONVERSION = YES;
				CLANG_WARN_COMMA = YES;
				CLANG_WARN_CONSTANT_CONVERSION = YES;
				CLANG_WARN_DEPRECATED_OBJC_IMPLEMENTATIONS = YES;
				CLANG_WARN_DIRECT_OBJC_ISA_USAGE = YES_ERROR;
				CLANG_WARN_DOCUMENTATION_COMMENTS = YES;
				CLANG_WARN_EMPTY_BODY = YES;
				CLANG_WARN_ENUM_CONVERSION = YES;
				CLANG_WARN_INFINITE_RECURSION = YES;
				CLANG_WARN_INT_CONVERSION = YES;
				CLANG_WARN_NON_LITERAL_NULL_CONVERSION = YES;
				CLANG_WARN_OBJC_IMPLICIT_RETAIN_SELF = YES;
				CLANG_WARN_OBJC_LITERAL_CONVERSION = YES;
				CLANG_WARN_OBJC_ROOT_CLASS = YES_ERROR;
				CLANG_WARN_QUOTED_INCLUDE_IN_FRAMEWORK_HEADER = YES;
				CLANG_WARN_RANGE_LOOP_ANALYSIS = YES;
				CLANG_WARN_STRICT_PROTOTYPES = YES;
				CLANG_WARN_SUSPICIOUS_MOVE = YES;
				CLANG_WARN_UNGUARDED_AVAILABILITY = YES_AGGRESSIVE;
				CLANG_WARN_UNREACHABLE_CODE = YES;
				CLANG_WARN__DUPLICATE_METHOD_MATCH = YES;
				COPY_PHASE_STRIP = NO;
				DEBUG_INFORMATION_FORMAT = "dwarf-with-dsym";
				ENABLE_NS_ASSERTIONS = NO;
				ENABLE_STRICT_OBJC_MSGSEND = YES;
				GCC_C_LANGUAGE_STANDARD = gnu11;
				GCC_NO_COMMON_BLOCKS = YES;
				GCC_WARN_64_TO_32_BIT_CONVERSION = YES;
				GCC_WARN_ABOUT_RETURN_TYPE = YES_ERROR;
				GCC_WARN_UNDECLARED_SELECTOR = YES;
				GCC_WARN_UNINITIALIZED_AUTOS = YES_AGGRESSIVE;
				GCC_WARN_UNUSED_FUNCTION = YES;
				GCC_WARN_UNUSED_VARIABLE = YES;
				IPHONEOS_DEPLOYMENT_TARGET = 15.5;
				MTL_ENABLE_DEBUG_INFO = NO;
				MTL_FAST_MATH = YES;
				SDKROOT = iphoneos;
				SWIFT_COMPILATION_MODE = wholemodule;
				SWIFT_OPTIMIZATION_LEVEL = "-O";
				VALIDATE_PRODUCT = YES;
			};
			name = Release;
		};
		18C904A32A37112300AA0CB0 /* Debug */ = {
			isa = XCBuildConfiguration;
			buildSettings = {
				ASSETCATALOG_COMPILER_APPICON_NAME = AppIcon;
				ASSETCATALOG_COMPILER_GLOBAL_ACCENT_COLOR_NAME = AccentColor;
				CODE_SIGN_STYLE = Automatic;
				CURRENT_PROJECT_VERSION = 1;
				DEVELOPMENT_TEAM = 95K7GQYMYM;
				GENERATE_INFOPLIST_FILE = YES;
				INFOPLIST_FILE = "WebandCraft MachineTest/Info.plist";
				INFOPLIST_KEY_UIApplicationSupportsIndirectInputEvents = YES;
				INFOPLIST_KEY_UILaunchStoryboardName = LaunchScreen;
				INFOPLIST_KEY_UIMainStoryboardFile = Main;
				INFOPLIST_KEY_UISupportedInterfaceOrientations_iPad = "UIInterfaceOrientationPortrait UIInterfaceOrientationPortraitUpsideDown UIInterfaceOrientationLandscapeLeft UIInterfaceOrientationLandscapeRight";
				INFOPLIST_KEY_UISupportedInterfaceOrientations_iPhone = "UIInterfaceOrientationPortrait UIInterfaceOrientationLandscapeLeft UIInterfaceOrientationLandscapeRight";
				LD_RUNPATH_SEARCH_PATHS = (
					"$(inherited)",
					"@executable_path/Frameworks",
				);
				MARKETING_VERSION = 1.0;
				PRODUCT_BUNDLE_IDENTIFIER = "machineTest.WebandCraft-MachineTest";
				PRODUCT_NAME = "$(TARGET_NAME)";
				SWIFT_EMIT_LOC_STRINGS = YES;
				SWIFT_VERSION = 5.0;
				TARGETED_DEVICE_FAMILY = "1,2";
			};
			name = Debug;
		};
		18C904A42A37112300AA0CB0 /* Release */ = {
			isa = XCBuildConfiguration;
			buildSettings = {
				ASSETCATALOG_COMPILER_APPICON_NAME = AppIcon;
				ASSETCATALOG_COMPILER_GLOBAL_ACCENT_COLOR_NAME = AccentColor;
				CODE_SIGN_STYLE = Automatic;
				CURRENT_PROJECT_VERSION = 1;
				DEVELOPMENT_TEAM = 95K7GQYMYM;
				GENERATE_INFOPLIST_FILE = YES;
				INFOPLIST_FILE = "WebandCraft MachineTest/Info.plist";
				INFOPLIST_KEY_UIApplicationSupportsIndirectInputEvents = YES;
				INFOPLIST_KEY_UILaunchStoryboardName = LaunchScreen;
				INFOPLIST_KEY_UIMainStoryboardFile = Main;
				INFOPLIST_KEY_UISupportedInterfaceOrientations_iPad = "UIInterfaceOrientationPortrait UIInterfaceOrientationPortraitUpsideDown UIInterfaceOrientationLandscapeLeft UIInterfaceOrientationLandscapeRight";
				INFOPLIST_KEY_UISupportedInterfaceOrientations_iPhone = "UIInterfaceOrientationPortrait UIInterfaceOrientationLandscapeLeft UIInterfaceOrientationLandscapeRight";
				LD_RUNPATH_SEARCH_PATHS = (
					"$(inherited)",
					"@executable_path/Frameworks",
				);
				MARKETING_VERSION = 1.0;
				PRODUCT_BUNDLE_IDENTIFIER = "machineTest.WebandCraft-MachineTest";
				PRODUCT_NAME = "$(TARGET_NAME)";
				SWIFT_EMIT_LOC_STRINGS = YES;
				SWIFT_VERSION = 5.0;
				TARGETED_DEVICE_FAMILY = "1,2";
			};
			name = Release;
		};
		18C904A62A37112300AA0CB0 /* Debug */ = {
			isa = XCBuildConfiguration;
			buildSettings = {
				ALWAYS_EMBED_SWIFT_STANDARD_LIBRARIES = YES;
				BUNDLE_LOADER = "$(TEST_HOST)";
				CODE_SIGN_STYLE = Automatic;
				CURRENT_PROJECT_VERSION = 1;
				DEVELOPMENT_TEAM = 95K7GQYMYM;
				GENERATE_INFOPLIST_FILE = YES;
				IPHONEOS_DEPLOYMENT_TARGET = 15.5;
				MARKETING_VERSION = 1.0;
				PRODUCT_BUNDLE_IDENTIFIER = "machineTest.WebandCraft-MachineTestTests";
				PRODUCT_NAME = "$(TARGET_NAME)";
				SWIFT_EMIT_LOC_STRINGS = NO;
				SWIFT_VERSION = 5.0;
				TARGETED_DEVICE_FAMILY = "1,2";
				TEST_HOST = "$(BUILT_PRODUCTS_DIR)/WebandCraft MachineTest.app/WebandCraft MachineTest";
			};
			name = Debug;
		};
		18C904A72A37112300AA0CB0 /* Release */ = {
			isa = XCBuildConfiguration;
			buildSettings = {
				ALWAYS_EMBED_SWIFT_STANDARD_LIBRARIES = YES;
				BUNDLE_LOADER = "$(TEST_HOST)";
				CODE_SIGN_STYLE = Automatic;
				CURRENT_PROJECT_VERSION = 1;
				DEVELOPMENT_TEAM = 95K7GQYMYM;
				GENERATE_INFOPLIST_FILE = YES;
				IPHONEOS_DEPLOYMENT_TARGET = 15.5;
				MARKETING_VERSION = 1.0;
				PRODUCT_BUNDLE_IDENTIFIER = "machineTest.WebandCraft-MachineTestTests";
				PRODUCT_NAME = "$(TARGET_NAME)";
				SWIFT_EMIT_LOC_STRINGS = NO;
				SWIFT_VERSION = 5.0;
				TARGETED_DEVICE_FAMILY = "1,2";
				TEST_HOST = "$(BUILT_PRODUCTS_DIR)/WebandCraft MachineTest.app/WebandCraft MachineTest";
			};
			name = Release;
		};
		18C904A92A37112300AA0CB0 /* Debug */ = {
			isa = XCBuildConfiguration;
			buildSettings = {
				ALWAYS_EMBED_SWIFT_STANDARD_LIBRARIES = YES;
				CODE_SIGN_STYLE = Automatic;
				CURRENT_PROJECT_VERSION = 1;
				DEVELOPMENT_TEAM = 95K7GQYMYM;
				GENERATE_INFOPLIST_FILE = YES;
				MARKETING_VERSION = 1.0;
				PRODUCT_BUNDLE_IDENTIFIER = "machineTest.WebandCraft-MachineTestUITests";
				PRODUCT_NAME = "$(TARGET_NAME)";
				SWIFT_EMIT_LOC_STRINGS = NO;
				SWIFT_VERSION = 5.0;
				TARGETED_DEVICE_FAMILY = "1,2";
				TEST_TARGET_NAME = "WebandCraft MachineTest";
			};
			name = Debug;
		};
		18C904AA2A37112300AA0CB0 /* Release */ = {
			isa = XCBuildConfiguration;
			buildSettings = {
				ALWAYS_EMBED_SWIFT_STANDARD_LIBRARIES = YES;
				CODE_SIGN_STYLE = Automatic;
				CURRENT_PROJECT_VERSION = 1;
				DEVELOPMENT_TEAM = 95K7GQYMYM;
				GENERATE_INFOPLIST_FILE = YES;
				MARKETING_VERSION = 1.0;
				PRODUCT_BUNDLE_IDENTIFIER = "machineTest.WebandCraft-MachineTestUITests";
				PRODUCT_NAME = "$(TARGET_NAME)";
				SWIFT_EMIT_LOC_STRINGS = NO;
				SWIFT_VERSION = 5.0;
				TARGETED_DEVICE_FAMILY = "1,2";
				TEST_TARGET_NAME = "WebandCraft MachineTest";
			};
			name = Release;
		};
/* End XCBuildConfiguration section */

/* Begin XCConfigurationList section */
		18C904732A37111E00AA0CB0 /* Build configuration list for PBXProject "WebandCraft MachineTest" */ = {
			isa = XCConfigurationList;
			buildConfigurations = (
				18C904A02A37112300AA0CB0 /* Debug */,
				18C904A12A37112300AA0CB0 /* Release */,
			);
			defaultConfigurationIsVisible = 0;
			defaultConfigurationName = Release;
		};
		18C904A22A37112300AA0CB0 /* Build configuration list for PBXNativeTarget "WebandCraft MachineTest" */ = {
			isa = XCConfigurationList;
			buildConfigurations = (
				18C904A32A37112300AA0CB0 /* Debug */,
				18C904A42A37112300AA0CB0 /* Release */,
			);
			defaultConfigurationIsVisible = 0;
			defaultConfigurationName = Release;
		};
		18C904A52A37112300AA0CB0 /* Build configuration list for PBXNativeTarget "WebandCraft MachineTestTests" */ = {
			isa = XCConfigurationList;
			buildConfigurations = (
				18C904A62A37112300AA0CB0 /* Debug */,
				18C904A72A37112300AA0CB0 /* Release */,
			);
			defaultConfigurationIsVisible = 0;
			defaultConfigurationName = Release;
		};
		18C904A82A37112300AA0CB0 /* Build configuration list for PBXNativeTarget "WebandCraft MachineTestUITests" */ = {
			isa = XCConfigurationList;
			buildConfigurations = (
				18C904A92A37112300AA0CB0 /* Debug */,
				18C904AA2A37112300AA0CB0 /* Release */,
			);
			defaultConfigurationIsVisible = 0;
			defaultConfigurationName = Release;
		};
/* End XCConfigurationList section */
	};
	rootObject = 18C904702A37111E00AA0CB0 /* Project object */;
}
